
Microsoft Visual Studio Solution File, Format Version 12.00
# Visual Studio Version 16
VisualStudioVersion = 16.0.31702.278
MinimumVisualStudioVersion = 10.0.40219.1
Project("{8BC9CEB8-8B4A-11D0-8D11-00A0C91BC942}") = "L_Olimp", "L_Olimp.vcxproj", "{27F6EF3A-9E83-4ADE-97BB-8F9DB6B21CD2}"
EndProject
Global
	GlobalSection(SolutionConfigurationPlatforms) = preSolution
		Debug|x64 = Debug|x64
		Debug|x86 = Debug|x86
		Release|x64 = Release|x64
		Release|x86 = Release|x86
	EndGlobalSection
	GlobalSection(ProjectConfigurationPlatforms) = postSolution
		{27F6EF3A-9E83-4ADE-97BB-8F9DB6B21CD2}.Debug|x64.ActiveCfg = Debug|x64
		{27F6EF3A-9E83-4ADE-97BB-8F9DB6B21CD2}.Debug|x64.Build.0 = Debug|x64
		{27F6EF3A-9E83-4ADE-97BB-8F9DB6B21CD2}.Debug|x86.ActiveCfg = Debug|Win32
		{27F6EF3A-9E83-4ADE-97BB-8F9DB6B21CD2}.Debug|x86.Build.0 = Debug|Win32
		{27F6EF3A-9E83-4ADE-97BB-8F9DB6B21CD2}.Release|x64.ActiveCfg = Release|x64
		{27F6EF3A-9E83-4ADE-97BB-8F9DB6B21CD2}.Release|x64.Build.0 = Release|x64
		{27F6EF3A-9E83-4ADE-97BB-8F9DB6B21CD2}.Release|x86.ActiveCfg = Release|Win32
		{27F6EF3A-9E83-4ADE-97BB-8F9DB6B21CD2}.Release|x86.Build.0 = Release|Win32
	EndGlobalSection
	GlobalSection(SolutionProperties) = preSolution
		HideSolutionNode = FALSE
	EndGlobalSection
	GlobalSection(ExtensibilityGlobals) = postSolution
		SolutionGuid = {FC2A7D28-CC7A-48CD-83C0-D5E890F6DE1B}
	EndGlobalSection
EndGlobal
